
Microsoft Visual Studio Solution File, Format Version 12.00
# Visual Studio Version 17
VisualStudioVersion = 17.1.32414.318
MinimumVisualStudioVersion = 10.0.40219.1
Project("{9A19103F-16F7-4668-BE54-9A1E7A4F7556}") = "Arrays", "Arrays\Arrays.csproj", "{C683DE1F-48A0-4F0A-9F87-D58D7DFC124E}"
EndProject
Project("{FAE04EC0-301F-11D3-BF4B-00C04F79EFBC}") = "Strings", "Strings\Strings.csproj", "{A56E6591-CEB7-4550-B43C-63D209B9D01D}"
EndProject
Global
	GlobalSection(SolutionConfigurationPlatforms) = preSolution
		Debug|Any CPU = Debug|Any CPU
		Release|Any CPU = Release|Any CPU
	EndGlobalSection
	GlobalSection(ProjectConfigurationPlatforms) = postSolution
		{C683DE1F-48A0-4F0A-9F87-D58D7DFC124E}.Debug|Any CPU.ActiveCfg = Debug|Any CPU
		{C683DE1F-48A0-4F0A-9F87-D58D7DFC124E}.Debug|Any CPU.Build.0 = Debug|Any CPU
		{C683DE1F-48A0-4F0A-9F87-D58D7DFC124E}.Release|Any CPU.ActiveCfg = Release|Any CPU
		{C683DE1F-48A0-4F0A-9F87-D58D7DFC124E}.Release|Any CPU.Build.0 = Release|Any CPU
		{A56E6591-CEB7-4550-B43C-63D209B9D01D}.Debug|Any CPU.ActiveCfg = Debug|Any CPU
		{A56E6591-CEB7-4550-B43C-63D209B9D01D}.Debug|Any CPU.Build.0 = Debug|Any CPU
		{A56E6591-CEB7-4550-B43C-63D209B9D01D}.Release|Any CPU.ActiveCfg = Release|Any CPU
		{A56E6591-CEB7-4550-B43C-63D209B9D01D}.Release|Any CPU.Build.0 = Release|Any CPU
	EndGlobalSection
	GlobalSection(SolutionProperties) = preSolution
		HideSolutionNode = FALSE
	EndGlobalSection
	GlobalSection(ExtensibilityGlobals) = postSolution
		SolutionGuid = {1DE2B307-FE25-4AD3-A9BD-D7F301B75487}
	EndGlobalSection
EndGlobal
